
Microsoft Visual Studio Solution File, Format Version 12.00
# Visual Studio Version 17
VisualStudioVersion = 17.0.32112.339
MinimumVisualStudioVersion = 10.0.40219.1
Project("{2150E333-8FDC-42A3-9474-1A3956D46DE8}") = "Solution Items", "Solution Items", "{8776DD1E-C219-4413-869F-5FB8907AB07E}"
	ProjectSection(SolutionItems) = preProject
		README.md = README.md
	EndProjectSection
EndProject
Project("{2150E333-8FDC-42A3-9474-1A3956D46DE8}") = "Gateway", "Gateway", "{4282F35D-D73D-4ADD-9E61-610B051F8758}"
EndProject
Project("{9A19103F-16F7-4668-BE54-9A1E7A4F7556}") = "Gateway", "Gateway\Gateway.csproj", "{E6D1E686-77C9-4192-8DD5-06E8C9557C4C}"
EndProject
Global
	GlobalSection(SolutionConfigurationPlatforms) = preSolution
		Debug|Any CPU = Debug|Any CPU
		Release|Any CPU = Release|Any CPU
	EndGlobalSection
	GlobalSection(ProjectConfigurationPlatforms) = postSolution
		{E6D1E686-77C9-4192-8DD5-06E8C9557C4C}.Debug|Any CPU.ActiveCfg = Debug|Any CPU
		{E6D1E686-77C9-4192-8DD5-06E8C9557C4C}.Debug|Any CPU.Build.0 = Debug|Any CPU
		{E6D1E686-77C9-4192-8DD5-06E8C9557C4C}.Release|Any CPU.ActiveCfg = Release|Any CPU
		{E6D1E686-77C9-4192-8DD5-06E8C9557C4C}.Release|Any CPU.Build.0 = Release|Any CPU
	EndGlobalSection
	GlobalSection(SolutionProperties) = preSolution
		HideSolutionNode = FALSE
	EndGlobalSection
	GlobalSection(NestedProjects) = preSolution
		{E6D1E686-77C9-4192-8DD5-06E8C9557C4C} = {4282F35D-D73D-4ADD-9E61-610B051F8758}
	EndGlobalSection
	GlobalSection(ExtensibilityGlobals) = postSolution
		SolutionGuid = {771CB4F7-5D32-4017-BC5A-380690175274}
	EndGlobalSection
EndGlobal
